
Microsoft Visual Studio Solution File, Format Version 12.00
# Visual Studio Version 17
VisualStudioVersion = 17.4.33213.308
MinimumVisualStudioVersion = 10.0.40219.1
Project("{FAE04EC0-301F-11D3-BF4B-00C04F79EFBC}") = "Wang_HelloWorld", "Wang_HelloWorld.csproj", "{F84DFF93-58F0-47A8-9A7B-70BA933C69D8}"
EndProject
Global
	GlobalSection(SolutionConfigurationPlatforms) = preSolution
		Debug|Any CPU = Debug|Any CPU
		Release|Any CPU = Release|Any CPU
	EndGlobalSection
	GlobalSection(ProjectConfigurationPlatforms) = postSolution
		{F84DFF93-58F0-47A8-9A7B-70BA933C69D8}.Debug|Any CPU.ActiveCfg = Debug|Any CPU
		{F84DFF93-58F0-47A8-9A7B-70BA933C69D8}.Debug|Any CPU.Build.0 = Debug|Any CPU
		{F84DFF93-58F0-47A8-9A7B-70BA933C69D8}.Release|Any CPU.ActiveCfg = Release|Any CPU
		{F84DFF93-58F0-47A8-9A7B-70BA933C69D8}.Release|Any CPU.Build.0 = Release|Any CPU
	EndGlobalSection
	GlobalSection(SolutionProperties) = preSolution
		HideSolutionNode = FALSE
	EndGlobalSection
	GlobalSection(ExtensibilityGlobals) = postSolution
		SolutionGuid = {31F7734D-A0E3-4402-8802-B9288DF6172B}
	EndGlobalSection
EndGlobal
